
Microsoft Visual Studio Solution File, Format Version 12.00
# Visual Studio Version 17
VisualStudioVersion = 17.8.34525.116
MinimumVisualStudioVersion = 10.0.40219.1
Project("{FAE04EC0-301F-11D3-BF4B-00C04F79EFBC}") = "CountriesAPI", "CountriesAPI\CountriesAPI.csproj", "{6AA6C69E-3501-4A50-8BF2-09C02499917A}"
EndProject
Global
	GlobalSection(SolutionConfigurationPlatforms) = preSolution
		Debug|Any CPU = Debug|Any CPU
		Release|Any CPU = Release|Any CPU
	EndGlobalSection
	GlobalSection(ProjectConfigurationPlatforms) = postSolution
		{6AA6C69E-3501-4A50-8BF2-09C02499917A}.Debug|Any CPU.ActiveCfg = Debug|Any CPU
		{6AA6C69E-3501-4A50-8BF2-09C02499917A}.Debug|Any CPU.Build.0 = Debug|Any CPU
		{6AA6C69E-3501-4A50-8BF2-09C02499917A}.Release|Any CPU.ActiveCfg = Release|Any CPU
		{6AA6C69E-3501-4A50-8BF2-09C02499917A}.Release|Any CPU.Build.0 = Release|Any CPU
	EndGlobalSection
	GlobalSection(SolutionProperties) = preSolution
		HideSolutionNode = FALSE
	EndGlobalSection
	GlobalSection(ExtensibilityGlobals) = postSolution
		SolutionGuid = {3DB8A6B7-7434-4E6F-85DF-29FAECC887F4}
	EndGlobalSection
EndGlobal
